Microsoft Visual Studio Solution File, Format Version 12.00
# Visual Studio Version 17
VisualStudioVersion = 17.5.2.0
MinimumVisualStudioVersion = 10.0.40219.1
Project("{FAE04EC0-301F-11D3-BF4B-00C04F79EFBC}") = "4-amaliy_vazifa", "4-amaliy_vazifa.csproj", "{CF91D092-4CD6-2493-74EF-41BF6F1BEDED}"
EndProject
Global
	GlobalSection(SolutionConfigurationPlatforms) = preSolution
		Debug|Any CPU = Debug|Any CPU
		Release|Any CPU = Release|Any CPU
	EndGlobalSection
	GlobalSection(ProjectConfigurationPlatforms) = postSolution
		{CF91D092-4CD6-2493-74EF-41BF6F1BEDED}.Debug|Any CPU.ActiveCfg = Debug|Any CPU
		{CF91D092-4CD6-2493-74EF-41BF6F1BEDED}.Debug|Any CPU.Build.0 = Debug|Any CPU
		{CF91D092-4CD6-2493-74EF-41BF6F1BEDED}.Release|Any CPU.ActiveCfg = Release|Any CPU
		{CF91D092-4CD6-2493-74EF-41BF6F1BEDED}.Release|Any CPU.Build.0 = Release|Any CPU
	EndGlobalSection
	GlobalSection(SolutionProperties) = preSolution
		HideSolutionNode = FALSE
	EndGlobalSection
	GlobalSection(ExtensibilityGlobals) = postSolution
		SolutionGuid = {54D59EE2-C29F-4299-8AF3-9E64A9057E12}
	EndGlobalSection
EndGlobal
